// !$*UTF8*$!
{
	archiveVersion = 1;
	classes = {
	};
	objectVersion = 46;
	objects = {

/* Begin PBXBuildFile section */
		979281DC1D328A4C0036D184 /* main.cpp in Sources */ = {isa = PBXBuildFile; fileRef = 979281DB1D328A4C0036D184 /* main.cpp */; };
		979281E41D328A560036D184 /* GLUT.framework in Frameworks */ = {isa = PBXBuildFile; fileRef = 979281E21D328A560036D184 /* GLUT.framework */; };
		979281E51D328A560036D184 /* OpenGL.framework in Frameworks */ = {isa = PBXBuildFile; fileRef = 979281E31D328A560036D184 /* OpenGL.framework */; };
/* End PBXBuildFile section */

/* Begin PBXCopyFilesBuildPhase section */
		979281D61D328A4C0036D184 /* CopyFiles */ = {
			isa = PBXCopyFilesBuildPhase;
			buildActionMask = 2147483647;
			dstPath = /usr/share/man/man1/;
			dstSubfolderSpec = 0;
			files = (
			);
			runOnlyForDeploymentPostprocessing = 1;
		};
/* End PBXCopyFilesBuildPhase section */

/* Begin PBXFileReference section */
		979281D81D328A4C0036D184 /* GL_Simple3D */ = {isa = PBXFileReference; explicitFileType = "compiled.mach-o.executable"; includeInIndex = 0; path = GL_Simple3D; sourceTree = BUILT_PRODUCTS_DIR; };
		979281DB1D328A4C0036D184 /* main.cpp */ = {isa = PBXFileReference; lastKnownFileType = sourcecode.cpp.cpp; path = main.cpp; sourceTree = "<group>"; };
		979281E21D328A560036D184 /* GLUT.framework */ = {isa = PBXFileReference; lastKnownFileType = wrapper.framework; name = GLUT.framework; path = System/Library/Frameworks/GLUT.framework; sourceTree = SDKROOT; };
		979281E31D328A560036D184 /* OpenGL.framework */ = {isa = PBXFileReference; lastKnownFileType = wrapper.framework; name = OpenGL.framework; path = System/Library/Frameworks/OpenGL.framework; sourceTree = SDKROOT; };
/* End PBXFileReference section */

/* Begin PBXFrameworksBuildPhase section */
		979281D51D328A4C0036D184 /* Frameworks */ = {
			isa = PBXFrameworksBuildPhase;
			buildActionMask = 2147483647;
			files = (
				979281E41D328A560036D184 /* GLUT.framework in Frameworks */,
				979281E51D328A560036D184 /* OpenGL.framework in Frameworks */,
			);
			runOnlyForDeploymentPostprocessing = 0;
		};
/* End PBXFrameworksBuildPhase section */

/* Begin PBXGroup section */
		979281CF1D328A4C0036D184 = {
			isa = PBXGroup;
			children = (
				979281E21D328A560036D184 /* GLUT.framework */,
				979281E31D328A560036D184 /* OpenGL.framework */,
				979281DA1D328A4C0036D184 /* GL_Simple3D */,
				979281D91D328A4C0036D184 /* Products */,
			);
			sourceTree = "<group>";
		};
		979281D91D328A4C0036D184 /* Products */ = {
			isa = PBXGroup;
			children = (
				979281D81D328A4C0036D184 /* GL_Simple3D */,
			);
			name = Products;
			sourceTree = "<group>";
		};
		979281DA1D328A4C0036D184 /* GL_Simple3D */ = {
			isa = PBXGroup;
			children = (
				979281DB1D328A4C0036D184 /* main.cpp */,
			);
			path = GL_Simple3D;
			sourceTree = "<group>";
		};
/* End PBXGroup section */

/* Begin PBXNativeTarget section */
		979281D71D328A4C0036D184 /* GL_Simple3D */ = {
			isa = PBXNativeTarget;
			buildConfigurationList = 979281DF1D328A4C0036D184 /* Build configuration list for PBXNativeTarget "GL_Simple3D" */;
			buildPhases = (
				979281D41D328A4C0036D184 /* Sources */,
				979281D51D328A4C0036D184 /* Frameworks */,
				979281D61D328A4C0036D184 /* CopyFiles */,
			);
			buildRules = (
			);
			dependencies = (
			);
			name = GL_Simple3D;
			productName = GL_Simple3D;
			productReference = 979281D81D328A4C0036D184 /* GL_Simple3D */;
			productType = "com.apple.product-type.tool";
		};
/* End PBXNativeTarget section */

/* Begin PBXProject section */
		979281D01D328A4C0036D184 /* Project object */ = {
			isa = PBXProject;
			attributes = {
				LastUpgradeCheck = 0730;
				ORGANIZATIONNAME = "naohiro nomura";
				TargetAttributes = {
					979281D71D328A4C0036D184 = {
						CreatedOnToolsVersion = 7.3.1;
					};
				};
			};
			buildConfigurationList = 979281D31D328A4C0036D184 /* Build configuration list for PBXProject "GL_Simple3D" */;
			compatibilityVersion = "Xcode 3.2";
			developmentRegion = English;
			hasScannedForEncodings = 0;
			knownRegions = (
				en,
			);
			mainGroup = 979281CF1D328A4C0036D184;
			productRefGroup = 979281D91D328A4C0036D184 /* Products */;
			projectDirPath = "";
			projectRoot = "";
			targets = (
				979281D71D328A4C0036D184 /* GL_Simple3D */,
			);
		};
/* End PBXProject section */

/* Begin PBXSourcesBuildPhase section */
		979281D41D328A4C0036D184 /* Sources */ = {
			isa = PBXSourcesBuildPhase;
			buildActionMask = 2147483647;
			files = (
				979281DC1D328A4C0036D184 /* main.cpp in Sources */,
			);
			runOnlyForDeploymentPostprocessing = 0;
		};
/* End PBXSourcesBuildPhase section */

/* Begin XCBuildConfiguration section */
		979281DD1D328A4C0036D184 /* Debug */ = {
			isa = XCBuildConfiguration;
			buildSettings = {
				ALWAYS_SEARCH_USER_PATHS = NO;
				CLANG_ANALYZER_NONNULL = YES;
				CLANG_CXX_LANGUAGE_STANDARD = "gnu++0x";
				CLANG_CXX_LIBRARY = "libc++";
				CLANG_ENABLE_MODULES = YES;
				CLANG_ENABLE_OBJC_ARC = YES;
				CLANG_WARN_BOOL_CONVERSION = YES;
				CLANG_WARN_CONSTANT_CONVERSION = YES;
				CLANG_WARN_DIRECT_OBJC_ISA_USAGE = YES_ERROR;
				CLANG_WARN_EMPTY_BODY = YES;
				CLANG_WARN_ENUM_CONVERSION = YES;
				CLANG_WARN_INT_CONVERSION = YES;
				CLANG_WARN_OBJC_ROOT_CLASS = YES_ERROR;
				CLANG_WARN_UNREACHABLE_CODE = YES;
				CLANG_WARN__DUPLICATE_METHOD_MATCH = YES;
				CODE_SIGN_IDENTITY = "-";
				COPY_PHASE_STRIP = NO;
				DEBUG_INFORMATION_FORMAT = dwarf;
				ENABLE_STRICT_OBJC_MSGSEND = YES;
				ENABLE_TESTABILITY = YES;
				GCC_C_LANGUAGE_STANDARD = gnu99;
				GCC_DYNAMIC_NO_PIC = NO;
				GCC_NO_COMMON_BLOCKS = YES;
				GCC_OPTIMIZATION_LEVEL = 0;
				GCC_PREPROCESSOR_DEFINITIONS = (
					"DEBUG=1",
					"$(inherited)",
				);
				GCC_WARN_64_TO_32_BIT_CONVERSION = YES;
				GCC_WARN_ABOUT_RETURN_TYPE = YES_ERROR;
				GCC_WARN_UNDECLARED_SELECTOR = YES;
				GCC_WARN_UNINITIALIZED_AUTOS = YES_AGGRESSIVE;
				GCC_WARN_UNUSED_FUNCTION = YES;
				GCC_WARN_UNUSED_VARIABLE = YES;
				MACOSX_DEPLOYMENT_TARGET = 10.11;
				MTL_ENABLE_DEBUG_INFO = YES;
				ONLY_ACTIVE_ARCH = YES;
				SDKROOT = macosx;
			};
			name = Debug;
		};
		979281DE1D328A4C0036D184 /* Release */ = {
			isa = XCBuildConfiguration;
			buildSettings = {
				ALWAYS_SEARCH_USER_PATHS = NO;
				CLANG_ANALYZER_NONNULL = YES;
				CLANG_CXX_LANGUAGE_STANDARD = "gnu++0x";
				CLANG_CXX_LIBRARY = "libc++";
				CLANG_ENABLE_MODULES = YES;
				CLANG_ENABLE_OBJC_ARC = YES;
				CLANG_WARN_BOOL_CONVERSION = YES;
				CLANG_WARN_CONSTANT_CONVERSION = YES;
				CLANG_WARN_DIRECT_OBJC_ISA_USAGE = YES_ERROR;
				CLANG_WARN_EMPTY_BODY = YES;
				CLANG_WARN_ENUM_CONVERSION = YES;
				CLANG_WARN_INT_CONVERSION = YES;
				CLANG_WARN_OBJC_ROOT_CLASS = YES_ERROR;
				CLANG_WARN_UNREACHABLE_CODE = YES;
				CLANG_WARN__DUPLICATE_METHOD_MATCH = YES;
				CODE_SIGN_IDENTITY = "-";
				COPY_PHASE_STRIP = NO;
				DEBUG_INFORMATION_FORMAT = "dwarf-with-dsym";
				ENABLE_NS_ASSERTIONS = NO;
				ENABLE_STRICT_OBJC_MSGSEND = YES;
				GCC_C_LANGUAGE_STANDARD = gnu99;
				GCC_NO_COMMON_BLOCKS = YES;
				GCC_WARN_64_TO_32_BIT_CONVERSION = YES;
				GCC_WARN_ABOUT_RETURN_TYPE = YES_ERROR;
				GCC_WARN_UNDECLARED_SELECTOR = YES;
				GCC_WARN_UNINITIALIZED_AUTOS = YES_AGGRESSIVE;
				GCC_WARN_UNUSED_FUNCTION = YES;
				GCC_WARN_UNUSED_VARIABLE = YES;
				MACOSX_DEPLOYMENT_TARGET = 10.11;
				MTL_ENABLE_DEBUG_INFO = NO;
				SDKROOT = macosx;
			};
			name = Release;
		};
		979281E01D328A4C0036D184 /* Debug */ = {
			isa = XCBuildConfiguration;
			buildSettings = {
				PRODUCT_NAME = "$(TARGET_NAME)";
			};
			name = Debug;
		};
		979281E11D328A4C0036D184 /* Release */ = {
			isa = XCBuildConfiguration;
			buildSettings = {
				PRODUCT_NAME = "$(TARGET_NAME)";
			};
			name = Release;
		};
/* End XCBuildConfiguration section */

/* Begin XCConfigurationList section */
		979281D31D328A4C0036D184 /* Build configuration list for PBXProject "GL_Simple3D" */ = {
			isa = XCConfigurationList;
			buildConfigurations = (
				979281DD1D328A4C0036D184 /* Debug */,
				979281DE1D328A4C0036D184 /* Release */,
			);
			defaultConfigurationIsVisible = 0;
			defaultConfigurationName = Release;
		};
		979281DF1D328A4C0036D184 /* Build configuration list for PBXNativeTarget "GL_Simple3D" */ = {
			isa = XCConfigurationList;
			buildConfigurations = (
				979281E01D328A4C0036D184 /* Debug */,
				979281E11D328A4C0036D184 /* Release */,
			);
			defaultConfigurationIsVisible = 0;
		};
/* End XCConfigurationList section */
	};
	rootObject = 979281D01D328A4C0036D184 /* Project object */;
}
